
Microsoft Visual Studio Solution File, Format Version 12.00
# Visual Studio Version 16
VisualStudioVersion = 16.0.30309.148
MinimumVisualStudioVersion = 10.0.40219.1
Project("{FAE04EC0-301F-11D3-BF4B-00C04F79EFBC}") = "CQRS_EventSourcing", "CQRS_EventSourcing\CQRS_EventSourcing.csproj", "{0F0546EC-1E1F-4BA4-AC63-DDFD3374C3A8}"
EndProject
Global
	GlobalSection(SolutionConfigurationPlatforms) = preSolution
		Debug|Any CPU = Debug|Any CPU
		Release|Any CPU = Release|Any CPU
	EndGlobalSection
	GlobalSection(ProjectConfigurationPlatforms) = postSolution
		{0F0546EC-1E1F-4BA4-AC63-DDFD3374C3A8}.Debug|Any CPU.ActiveCfg = Debug|Any CPU
		{0F0546EC-1E1F-4BA4-AC63-DDFD3374C3A8}.Debug|Any CPU.Build.0 = Debug|Any CPU
		{0F0546EC-1E1F-4BA4-AC63-DDFD3374C3A8}.Release|Any CPU.ActiveCfg = Release|Any CPU
		{0F0546EC-1E1F-4BA4-AC63-DDFD3374C3A8}.Release|Any CPU.Build.0 = Release|Any CPU
	EndGlobalSection
	GlobalSection(SolutionProperties) = preSolution
		HideSolutionNode = FALSE
	EndGlobalSection
	GlobalSection(ExtensibilityGlobals) = postSolution
		SolutionGuid = {04C6A35E-D642-41BE-BC23-B7D28F4E46B6}
	EndGlobalSection
EndGlobal
